// !$*UTF8*$!
{
	archiveVersion = 1;
	classes = {
	};
	objectVersion = 46;
	objects = {

/* Begin PBXBuildFile section */
		40E61F631BF9D57E004DC8D0 /* UIViewController+SK.m in Sources */ = {isa = PBXBuildFile; fileRef = 40E61F501BF9D57E004DC8D0 /* UIViewController+SK.m */; };
		40E61F641BF9D57E004DC8D0 /* SkCmmObject.m in Sources */ = {isa = PBXBuildFile; fileRef = 40E61F531BF9D57E004DC8D0 /* SkCmmObject.m */; };
		40E61F651BF9D57E004DC8D0 /* SKCmmResponder.m in Sources */ = {isa = PBXBuildFile; fileRef = 40E61F551BF9D57E004DC8D0 /* SKCmmResponder.m */; };
		40E61F661BF9D57E004DC8D0 /* SkObject.m in Sources */ = {isa = PBXBuildFile; fileRef = 40E61F591BF9D57E004DC8D0 /* SkObject.m */; };
		40E61F671BF9D57E004DC8D0 /* SkPublicConfig.m in Sources */ = {isa = PBXBuildFile; fileRef = 40E61F5B1BF9D57E004DC8D0 /* SkPublicConfig.m */; };
		40E61F681BF9D57E004DC8D0 /* SkSet.m in Sources */ = {isa = PBXBuildFile; fileRef = 40E61F5D1BF9D57E004DC8D0 /* SkSet.m */; };
		40E61F691BF9D57E004DC8D0 /* SkUser.m in Sources */ = {isa = PBXBuildFile; fileRef = 40E61F5F1BF9D57E004DC8D0 /* SkUser.m */; };
		40E61F6A1BF9D57E004DC8D0 /* SkUserDefaults.m in Sources */ = {isa = PBXBuildFile; fileRef = 40E61F611BF9D57E004DC8D0 /* SkUserDefaults.m */; };
		40E61F6D1BF9D588004DC8D0 /* AViewController.m in Sources */ = {isa = PBXBuildFile; fileRef = 40E61F6C1BF9D588004DC8D0 /* AViewController.m */; };
		40E61F701BF9D590004DC8D0 /* BViewController.m in Sources */ = {isa = PBXBuildFile; fileRef = 40E61F6F1BF9D590004DC8D0 /* BViewController.m */; };
		A090326D1BF9D4DC00A79865 /* Foundation.framework in Frameworks */ = {isa = PBXBuildFile; fileRef = A090326C1BF9D4DC00A79865 /* Foundation.framework */; };
		A090326F1BF9D4DC00A79865 /* CoreGraphics.framework in Frameworks */ = {isa = PBXBuildFile; fileRef = A090326E1BF9D4DC00A79865 /* CoreGraphics.framework */; };
		A09032711BF9D4DC00A79865 /* UIKit.framework in Frameworks */ = {isa = PBXBuildFile; fileRef = A09032701BF9D4DC00A79865 /* UIKit.framework */; };
		A09032771BF9D4DC00A79865 /* InfoPlist.strings in Resources */ = {isa = PBXBuildFile; fileRef = A09032751BF9D4DC00A79865 /* InfoPlist.strings */; };
		A09032791BF9D4DC00A79865 /* main.m in Sources */ = {isa = PBXBuildFile; fileRef = A09032781BF9D4DC00A79865 /* main.m */; };
		A090327D1BF9D4DC00A79865 /* AppDelegate.m in Sources */ = {isa = PBXBuildFile; fileRef = A090327C1BF9D4DC00A79865 /* AppDelegate.m */; };
		A090327F1BF9D4DC00A79865 /* Images.xcassets in Resources */ = {isa = PBXBuildFile; fileRef = A090327E1BF9D4DC00A79865 /* Images.xcassets */; };
		A09032861BF9D4DC00A79865 /* XCTest.framework in Frameworks */ = {isa = PBXBuildFile; fileRef = A09032851BF9D4DC00A79865 /* XCTest.framework */; };
		A09032871BF9D4DC00A79865 /* Foundation.framework in Frameworks */ = {isa = PBXBuildFile; fileRef = A090326C1BF9D4DC00A79865 /* Foundation.framework */; };
		A09032881BF9D4DC00A79865 /* UIKit.framework in Frameworks */ = {isa = PBXBuildFile; fileRef = A09032701BF9D4DC00A79865 /* UIKit.framework */; };
		A09032901BF9D4DC00A79865 /* InfoPlist.strings in Resources */ = {isa = PBXBuildFile; fileRef = A090328E1BF9D4DC00A79865 /* InfoPlist.strings */; };
		A09032921BF9D4DC00A79865 /* SkFrameworkDemoTests.m in Sources */ = {isa = PBXBuildFile; fileRef = A09032911BF9D4DC00A79865 /* SkFrameworkDemoTests.m */; };
/* End PBXBuildFile section */

/* Begin PBXContainerItemProxy section */
		A09032891BF9D4DC00A79865 /* PBXContainerItemProxy */ = {
			isa = PBXContainerItemProxy;
			containerPortal = A09032611BF9D4DB00A79865 /* Project object */;
			proxyType = 1;
			remoteGlobalIDString = A09032681BF9D4DC00A79865;
			remoteInfo = SkFrameworkDemo;
		};
/* End PBXContainerItemProxy section */

/* Begin PBXFileReference section */
		40E61F4F1BF9D57E004DC8D0 /* UIViewController+SK.h */ = {isa = PBXFileReference; fileEncoding = 4; lastKnownFileType = sourcecode.c.h; path = "UIViewController+SK.h"; sourceTree = "<group>"; };
		40E61F501BF9D57E004DC8D0 /* UIViewController+SK.m */ = {isa = PBXFileReference; fileEncoding = 4; lastKnownFileType = sourcecode.c.objc; path = "UIViewController+SK.m"; sourceTree = "<group>"; };
		40E61F521BF9D57E004DC8D0 /* SkCmmObject.h */ = {isa = PBXFileReference; fileEncoding = 4; lastKnownFileType = sourcecode.c.h; path = SkCmmObject.h; sourceTree = "<group>"; };
		40E61F531BF9D57E004DC8D0 /* SkCmmObject.m */ = {isa = PBXFileReference; fileEncoding = 4; lastKnownFileType = sourcecode.c.objc; path = SkCmmObject.m; sourceTree = "<group>"; };
		40E61F541BF9D57E004DC8D0 /* SKCmmResponder.h */ = {isa = PBXFileReference; fileEncoding = 4; lastKnownFileType = sourcecode.c.h; path = SKCmmResponder.h; sourceTree = "<group>"; };
		40E61F551BF9D57E004DC8D0 /* SKCmmResponder.m */ = {isa = PBXFileReference; fileEncoding = 4; lastKnownFileType = sourcecode.c.objc; path = SKCmmResponder.m; sourceTree = "<group>"; };
		40E61F561BF9D57E004DC8D0 /* Macro+SK.h */ = {isa = PBXFileReference; fileEncoding = 4; lastKnownFileType = sourcecode.c.h; path = "Macro+SK.h"; sourceTree = "<group>"; };
		40E61F581BF9D57E004DC8D0 /* SkObject.h */ = {isa = PBXFileReference; fileEncoding = 4; lastKnownFileType = sourcecode.c.h; path = SkObject.h; sourceTree = "<group>"; };
		40E61F591BF9D57E004DC8D0 /* SkObject.m */ = {isa = PBXFileReference; fileEncoding = 4; lastKnownFileType = sourcecode.c.objc; path = SkObject.m; sourceTree = "<group>"; };
		40E61F5A1BF9D57E004DC8D0 /* SkPublicConfig.h */ = {isa = PBXFileReference; fileEncoding = 4; lastKnownFileType = sourcecode.c.h; path = SkPublicConfig.h; sourceTree = "<group>"; };
		40E61F5B1BF9D57E004DC8D0 /* SkPublicConfig.m */ = {isa = PBXFileReference; fileEncoding = 4; lastKnownFileType = sourcecode.c.objc; path = SkPublicConfig.m; sourceTree = "<group>"; };
		40E61F5C1BF9D57E004DC8D0 /* SkSet.h */ = {isa = PBXFileReference; fileEncoding = 4; lastKnownFileType = sourcecode.c.h; path = SkSet.h; sourceTree = "<group>"; };
		40E61F5D1BF9D57E004DC8D0 /* SkSet.m */ = {isa = PBXFileReference; fileEncoding = 4; lastKnownFileType = sourcecode.c.objc; path = SkSet.m; sourceTree = "<group>"; };
		40E61F5E1BF9D57E004DC8D0 /* SkUser.h */ = {isa = PBXFileReference; fileEncoding = 4; lastKnownFileType = sourcecode.c.h; path = SkUser.h; sourceTree = "<group>"; };
		40E61F5F1BF9D57E004DC8D0 /* SkUser.m */ = {isa = PBXFileReference; fileEncoding = 4; lastKnownFileType = sourcecode.c.objc; path = SkUser.m; sourceTree = "<group>"; };
		40E61F601BF9D57E004DC8D0 /* SkUserDefaults.h */ = {isa = PBXFileReference; fileEncoding = 4; lastKnownFileType = sourcecode.c.h; path = SkUserDefaults.h; sourceTree = "<group>"; };
		40E61F611BF9D57E004DC8D0 /* SkUserDefaults.m */ = {isa = PBXFileReference; fileEncoding = 4; lastKnownFileType = sourcecode.c.objc; path = SkUserDefaults.m; sourceTree = "<group>"; };
		40E61F621BF9D57E004DC8D0 /* SkLib.h */ = {isa = PBXFileReference; fileEncoding = 4; lastKnownFileType = sourcecode.c.h; path = SkLib.h; sourceTree = "<group>"; };
		40E61F6B1BF9D588004DC8D0 /* AViewController.h */ = {isa = PBXFileReference; fileEncoding = 4; lastKnownFileType = sourcecode.c.h; path = AViewController.h; sourceTree = "<group>"; };
		40E61F6C1BF9D588004DC8D0 /* AViewController.m */ = {isa = PBXFileReference; fileEncoding = 4; lastKnownFileType = sourcecode.c.objc; path = AViewController.m; sourceTree = "<group>"; };
		40E61F6E1BF9D590004DC8D0 /* BViewController.h */ = {isa = PBXFileReference; fileEncoding = 4; lastKnownFileType = sourcecode.c.h; path = BViewController.h; sourceTree = "<group>"; };
		40E61F6F1BF9D590004DC8D0 /* BViewController.m */ = {isa = PBXFileReference; fileEncoding = 4; lastKnownFileType = sourcecode.c.objc; path = BViewController.m; sourceTree = "<group>"; };
		A09032691BF9D4DC00A79865 /* SkFrameworkDemo.app */ = {isa = PBXFileReference; explicitFileType = wrapper.application; includeInIndex = 0; path = SkFrameworkDemo.app; sourceTree = BUILT_PRODUCTS_DIR; };
		A090326C1BF9D4DC00A79865 /* Foundation.framework */ = {isa = PBXFileReference; lastKnownFileType = wrapper.framework; name = Foundation.framework; path = System/Library/Frameworks/Foundation.framework; sourceTree = SDKROOT; };
		A090326E1BF9D4DC00A79865 /* CoreGraphics.framework */ = {isa = PBXFileReference; lastKnownFileType = wrapper.framework; name = CoreGraphics.framework; path = System/Library/Frameworks/CoreGraphics.framework; sourceTree = SDKROOT; };
		A09032701BF9D4DC00A79865 /* UIKit.framework */ = {isa = PBXFileReference; lastKnownFileType = wrapper.framework; name = UIKit.framework; path = System/Library/Frameworks/UIKit.framework; sourceTree = SDKROOT; };
		A09032741BF9D4DC00A79865 /* SkFrameworkDemo-Info.plist */ = {isa = PBXFileReference; lastKnownFileType = text.plist.xml; path = "SkFrameworkDemo-Info.plist"; sourceTree = "<group>"; };
		A09032761BF9D4DC00A79865 /* en */ = {isa = PBXFileReference; lastKnownFileType = text.plist.strings; name = en; path = en.lproj/InfoPlist.strings; sourceTree = "<group>"; };
		A09032781BF9D4DC00A79865 /* main.m */ = {isa = PBXFileReference; lastKnownFileType = sourcecode.c.objc; path = main.m; sourceTree = "<group>"; };
		A090327A1BF9D4DC00A79865 /* SkFrameworkDemo-Prefix.pch */ = {isa = PBXFileReference; lastKnownFileType = sourcecode.c.h; path = "SkFrameworkDemo-Prefix.pch"; sourceTree = "<group>"; };
		A090327B1BF9D4DC00A79865 /* AppDelegate.h */ = {isa = PBXFileReference; lastKnownFileType = sourcecode.c.h; path = AppDelegate.h; sourceTree = "<group>"; };
		A090327C1BF9D4DC00A79865 /* AppDelegate.m */ = {isa = PBXFileReference; lastKnownFileType = sourcecode.c.objc; path = AppDelegate.m; sourceTree = "<group>"; };
		A090327E1BF9D4DC00A79865 /* Images.xcassets */ = {isa = PBXFileReference; lastKnownFileType = folder.assetcatalog; path = Images.xcassets; sourceTree = "<group>"; };
		A09032841BF9D4DC00A79865 /* SkFrameworkDemoTests.xctest */ = {isa = PBXFileReference; explicitFileType = wrapper.cfbundle; includeInIndex = 0; path = SkFrameworkDemoTests.xctest; sourceTree = BUILT_PRODUCTS_DIR; };
		A09032851BF9D4DC00A79865 /* XCTest.framework */ = {isa = PBXFileReference; lastKnownFileType = wrapper.framework; name = XCTest.framework; path = Library/Frameworks/XCTest.framework; sourceTree = DEVELOPER_DIR; };
		A090328D1BF9D4DC00A79865 /* SkFrameworkDemoTests-Info.plist */ = {isa = PBXFileReference; lastKnownFileType = text.plist.xml; path = "SkFrameworkDemoTests-Info.plist"; sourceTree = "<group>"; };
		A090328F1BF9D4DC00A79865 /* en */ = {isa = PBXFileReference; lastKnownFileType = text.plist.strings; name = en; path = en.lproj/InfoPlist.strings; sourceTree = "<group>"; };
		A09032911BF9D4DC00A79865 /* SkFrameworkDemoTests.m */ = {isa = PBXFileReference; lastKnownFileType = sourcecode.c.objc; path = SkFrameworkDemoTests.m; sourceTree = "<group>"; };
/* End PBXFileReference section */

/* Begin PBXFrameworksBuildPhase section */
		A09032661BF9D4DC00A79865 /* Frameworks */ = {
			isa = PBXFrameworksBuildPhase;
			buildActionMask = 2147483647;
			files = (
				A090326F1BF9D4DC00A79865 /* CoreGraphics.framework in Frameworks */,
				A09032711BF9D4DC00A79865 /* UIKit.framework in Frameworks */,
				A090326D1BF9D4DC00A79865 /* Foundation.framework in Frameworks */,
			);
			runOnlyForDeploymentPostprocessing = 0;
		};
		A09032811BF9D4DC00A79865 /* Frameworks */ = {
			isa = PBXFrameworksBuildPhase;
			buildActionMask = 2147483647;
			files = (
				A09032861BF9D4DC00A79865 /* XCTest.framework in Frameworks */,
				A09032881BF9D4DC00A79865 /* UIKit.framework in Frameworks */,
				A09032871BF9D4DC00A79865 /* Foundation.framework in Frameworks */,
			);
			runOnlyForDeploymentPostprocessing = 0;
		};
/* End PBXFrameworksBuildPhase section */

/* Begin PBXGroup section */
		40E61F4C1BF9D57E004DC8D0 /* Class */ = {
			isa = PBXGroup;
			children = (
				40E61F4D1BF9D57E004DC8D0 /* SkLib */,
				40E61F6B1BF9D588004DC8D0 /* AViewController.h */,
				40E61F6C1BF9D588004DC8D0 /* AViewController.m */,
				40E61F6E1BF9D590004DC8D0 /* BViewController.h */,
				40E61F6F1BF9D590004DC8D0 /* BViewController.m */,
			);
			path = Class;
			sourceTree = "<group>";
		};
		40E61F4D1BF9D57E004DC8D0 /* SkLib */ = {
			isa = PBXGroup;
			children = (
				40E61F561BF9D57E004DC8D0 /* Macro+SK.h */,
				40E61F621BF9D57E004DC8D0 /* SkLib.h */,
				40E61F4E1BF9D57E004DC8D0 /* AOP */,
				40E61F511BF9D57E004DC8D0 /* Component */,
				40E61F571BF9D57E004DC8D0 /* Model */,
			);
			path = SkLib;
			sourceTree = "<group>";
		};
		40E61F4E1BF9D57E004DC8D0 /* AOP */ = {
			isa = PBXGroup;
			children = (
				40E61F4F1BF9D57E004DC8D0 /* UIViewController+SK.h */,
				40E61F501BF9D57E004DC8D0 /* UIViewController+SK.m */,
			);
			path = AOP;
			sourceTree = "<group>";
		};
		40E61F511BF9D57E004DC8D0 /* Component */ = {
			isa = PBXGroup;
			children = (
				40E61F521BF9D57E004DC8D0 /* SkCmmObject.h */,
				40E61F531BF9D57E004DC8D0 /* SkCmmObject.m */,
				40E61F541BF9D57E004DC8D0 /* SKCmmResponder.h */,
				40E61F551BF9D57E004DC8D0 /* SKCmmResponder.m */,
			);
			path = Component;
			sourceTree = "<group>";
		};
		40E61F571BF9D57E004DC8D0 /* Model */ = {
			isa = PBXGroup;
			children = (
				40E61F581BF9D57E004DC8D0 /* SkObject.h */,
				40E61F591BF9D57E004DC8D0 /* SkObject.m */,
				40E61F5A1BF9D57E004DC8D0 /* SkPublicConfig.h */,
				40E61F5B1BF9D57E004DC8D0 /* SkPublicConfig.m */,
				40E61F5C1BF9D57E004DC8D0 /* SkSet.h */,
				40E61F5D1BF9D57E004DC8D0 /* SkSet.m */,
				40E61F5E1BF9D57E004DC8D0 /* SkUser.h */,
				40E61F5F1BF9D57E004DC8D0 /* SkUser.m */,
				40E61F601BF9D57E004DC8D0 /* SkUserDefaults.h */,
				40E61F611BF9D57E004DC8D0 /* SkUserDefaults.m */,
			);
			path = Model;
			sourceTree = "<group>";
		};
		A09032601BF9D4DB00A79865 = {
			isa = PBXGroup;
			children = (
				40E61F4C1BF9D57E004DC8D0 /* Class */,
				A09032721BF9D4DC00A79865 /* SkFrameworkDemo */,
				A090328B1BF9D4DC00A79865 /* SkFrameworkDemoTests */,
				A090326B1BF9D4DC00A79865 /* Frameworks */,
				A090326A1BF9D4DC00A79865 /* Products */,
			);
			sourceTree = "<group>";
		};
		A090326A1BF9D4DC00A79865 /* Products */ = {
			isa = PBXGroup;
			children = (
				A09032691BF9D4DC00A79865 /* SkFrameworkDemo.app */,
				A09032841BF9D4DC00A79865 /* SkFrameworkDemoTests.xctest */,
			);
			name = Products;
			sourceTree = "<group>";
		};
		A090326B1BF9D4DC00A79865 /* Frameworks */ = {
			isa = PBXGroup;
			children = (
				A090326C1BF9D4DC00A79865 /* Foundation.framework */,
				A090326E1BF9D4DC00A79865 /* CoreGraphics.framework */,
				A09032701BF9D4DC00A79865 /* UIKit.framework */,
				A09032851BF9D4DC00A79865 /* XCTest.framework */,
			);
			name = Frameworks;
			sourceTree = "<group>";
		};
		A09032721BF9D4DC00A79865 /* SkFrameworkDemo */ = {
			isa = PBXGroup;
			children = (
				A090327B1BF9D4DC00A79865 /* AppDelegate.h */,
				A090327C1BF9D4DC00A79865 /* AppDelegate.m */,
				A090327E1BF9D4DC00A79865 /* Images.xcassets */,
				A09032731BF9D4DC00A79865 /* Supporting Files */,
			);
			path = SkFrameworkDemo;
			sourceTree = "<group>";
		};
		A09032731BF9D4DC00A79865 /* Supporting Files */ = {
			isa = PBXGroup;
			children = (
				A09032741BF9D4DC00A79865 /* SkFrameworkDemo-Info.plist */,
				A09032751BF9D4DC00A79865 /* InfoPlist.strings */,
				A09032781BF9D4DC00A79865 /* main.m */,
				A090327A1BF9D4DC00A79865 /* SkFrameworkDemo-Prefix.pch */,
			);
			name = "Supporting Files";
			sourceTree = "<group>";
		};
		A090328B1BF9D4DC00A79865 /* SkFrameworkDemoTests */ = {
			isa = PBXGroup;
			children = (
				A09032911BF9D4DC00A79865 /* SkFrameworkDemoTests.m */,
				A090328C1BF9D4DC00A79865 /* Supporting Files */,
			);
			path = SkFrameworkDemoTests;
			sourceTree = "<group>";
		};
		A090328C1BF9D4DC00A79865 /* Supporting Files */ = {
			isa = PBXGroup;
			children = (
				A090328D1BF9D4DC00A79865 /* SkFrameworkDemoTests-Info.plist */,
				A090328E1BF9D4DC00A79865 /* InfoPlist.strings */,
			);
			name = "Supporting Files";
			sourceTree = "<group>";
		};
/* End PBXGroup section */

/* Begin PBXNativeTarget section */
		A09032681BF9D4DC00A79865 /* SkFrameworkDemo */ = {
			isa = PBXNativeTarget;
			buildConfigurationList = A09032951BF9D4DC00A79865 /* Build configuration list for PBXNativeTarget "SkFrameworkDemo" */;
			buildPhases = (
				A09032651BF9D4DC00A79865 /* Sources */,
				A09032661BF9D4DC00A79865 /* Frameworks */,
				A09032671BF9D4DC00A79865 /* Resources */,
			);
			buildRules = (
			);
			dependencies = (
			);
			name = SkFrameworkDemo;
			productName = SkFrameworkDemo;
			productReference = A09032691BF9D4DC00A79865 /* SkFrameworkDemo.app */;
			productType = "com.apple.product-type.application";
		};
		A09032831BF9D4DC00A79865 /* SkFrameworkDemoTests */ = {
			isa = PBXNativeTarget;
			buildConfigurationList = A09032981BF9D4DC00A79865 /* Build configuration list for PBXNativeTarget "SkFrameworkDemoTests" */;
			buildPhases = (
				A09032801BF9D4DC00A79865 /* Sources */,
				A09032811BF9D4DC00A79865 /* Frameworks */,
				A09032821BF9D4DC00A79865 /* Resources */,
			);
			buildRules = (
			);
			dependencies = (
				A090328A1BF9D4DC00A79865 /* PBXTargetDependency */,
			);
			name = SkFrameworkDemoTests;
			productName = SkFrameworkDemoTests;
			productReference = A09032841BF9D4DC00A79865 /* SkFrameworkDemoTests.xctest */;
			productType = "com.apple.product-type.bundle.unit-test";
		};
/* End PBXNativeTarget section */

/* Begin PBXProject section */
		A09032611BF9D4DB00A79865 /* Project object */ = {
			isa = PBXProject;
			attributes = {
				LastUpgradeCheck = 0510;
				ORGANIZATIONNAME = "罗耀生";
				TargetAttributes = {
					A09032831BF9D4DC00A79865 = {
						TestTargetID = A09032681BF9D4DC00A79865;
					};
				};
			};
			buildConfigurationList = A09032641BF9D4DB00A79865 /* Build configuration list for PBXProject "SkFrameworkDemo" */;
			compatibilityVersion = "Xcode 3.2";
			developmentRegion = English;
			hasScannedForEncodings = 0;
			knownRegions = (
				en,
			);
			mainGroup = A09032601BF9D4DB00A79865;
			productRefGroup = A090326A1BF9D4DC00A79865 /* Products */;
			projectDirPath = "";
			projectRoot = "";
			targets = (
				A09032681BF9D4DC00A79865 /* SkFrameworkDemo */,
				A09032831BF9D4DC00A79865 /* SkFrameworkDemoTests */,
			);
		};
/* End PBXProject section */

/* Begin PBXResourcesBuildPhase section */
		A09032671BF9D4DC00A79865 /* Resources */ = {
			isa = PBXResourcesBuildPhase;
			buildActionMask = 2147483647;
			files = (
				A09032771BF9D4DC00A79865 /* InfoPlist.strings in Resources */,
				A090327F1BF9D4DC00A79865 /* Images.xcassets in Resources */,
			);
			runOnlyForDeploymentPostprocessing = 0;
		};
		A09032821BF9D4DC00A79865 /* Resources */ = {
			isa = PBXResourcesBuildPhase;
			buildActionMask = 2147483647;
			files = (
				A09032901BF9D4DC00A79865 /* InfoPlist.strings in Resources */,
			);
			runOnlyForDeploymentPostprocessing = 0;
		};
/* End PBXResourcesBuildPhase section */

/* Begin PBXSourcesBuildPhase section */
		A09032651BF9D4DC00A79865 /* Sources */ = {
			isa = PBXSourcesBuildPhase;
			buildActionMask = 2147483647;
			files = (
				40E61F6A1BF9D57E004DC8D0 /* SkUserDefaults.m in Sources */,
				40E61F701BF9D590004DC8D0 /* BViewController.m in Sources */,
				A090327D1BF9D4DC00A79865 /* AppDelegate.m in Sources */,
				40E61F6D1BF9D588004DC8D0 /* AViewController.m in Sources */,
				A09032791BF9D4DC00A79865 /* main.m in Sources */,
				40E61F651BF9D57E004DC8D0 /* SKCmmResponder.m in Sources */,
				40E61F641BF9D57E004DC8D0 /* SkCmmObject.m in Sources */,
				40E61F681BF9D57E004DC8D0 /* SkSet.m in Sources */,
				40E61F661BF9D57E004DC8D0 /* SkObject.m in Sources */,
				40E61F631BF9D57E004DC8D0 /* UIViewController+SK.m in Sources */,
				40E61F691BF9D57E004DC8D0 /* SkUser.m in Sources */,
				40E61F671BF9D57E004DC8D0 /* SkPublicConfig.m in Sources */,
			);
			runOnlyForDeploymentPostprocessing = 0;
		};
		A09032801BF9D4DC00A79865 /* Sources */ = {
			isa = PBXSourcesBuildPhase;
			buildActionMask = 2147483647;
			files = (
				A09032921BF9D4DC00A79865 /* SkFrameworkDemoTests.m in Sources */,
			);
			runOnlyForDeploymentPostprocessing = 0;
		};
/* End PBXSourcesBuildPhase section */

/* Begin PBXTargetDependency section */
		A090328A1BF9D4DC00A79865 /* PBXTargetDependency */ = {
			isa = PBXTargetDependency;
			target = A09032681BF9D4DC00A79865 /* SkFrameworkDemo */;
			targetProxy = A09032891BF9D4DC00A79865 /* PBXContainerItemProxy */;
		};
/* End PBXTargetDependency section */

/* Begin PBXVariantGroup section */
		A09032751BF9D4DC00A79865 /* InfoPlist.strings */ = {
			isa = PBXVariantGroup;
			children = (
				A09032761BF9D4DC00A79865 /* en */,
			);
			name = InfoPlist.strings;
			sourceTree = "<group>";
		};
		A090328E1BF9D4DC00A79865 /* InfoPlist.strings */ = {
			isa = PBXVariantGroup;
			children = (
				A090328F1BF9D4DC00A79865 /* en */,
			);
			name = InfoPlist.strings;
			sourceTree = "<group>";
		};
/* End PBXVariantGroup section */

/* Begin XCBuildConfiguration section */
		A09032931BF9D4DC00A79865 /* Debug */ = {
			isa = XCBuildConfiguration;
			buildSettings = {
				ALWAYS_SEARCH_USER_PATHS = NO;
				CLANG_CXX_LANGUAGE_STANDARD = "gnu++0x";
				CLANG_CXX_LIBRARY = "libc++";
				CLANG_ENABLE_MODULES = YES;
				CLANG_ENABLE_OBJC_ARC = YES;
				CLANG_WARN_BOOL_CONVERSION = YES;
				CLANG_WARN_CONSTANT_CONVERSION = YES;
				CLANG_WARN_DIRECT_OBJC_ISA_USAGE = YES_ERROR;
				CLANG_WARN_EMPTY_BODY = YES;
				CLANG_WARN_ENUM_CONVERSION = YES;
				CLANG_WARN_INT_CONVERSION = YES;
				CLANG_WARN_OBJC_ROOT_CLASS = YES_ERROR;
				CLANG_WARN__DUPLICATE_METHOD_MATCH = YES;
				"CODE_SIGN_IDENTITY[sdk=iphoneos*]" = "iPhone Developer";
				COPY_PHASE_STRIP = NO;
				GCC_C_LANGUAGE_STANDARD = gnu99;
				GCC_DYNAMIC_NO_PIC = NO;
				GCC_OPTIMIZATION_LEVEL = 0;
				GCC_PREPROCESSOR_DEFINITIONS = (
					"DEBUG=1",
					"$(inherited)",
				);
				GCC_SYMBOLS_PRIVATE_EXTERN = NO;
				GCC_WARN_64_TO_32_BIT_CONVERSION = YES;
				GCC_WARN_ABOUT_RETURN_TYPE = YES_ERROR;
				GCC_WARN_UNDECLARED_SELECTOR = YES;
				GCC_WARN_UNINITIALIZED_AUTOS = YES_AGGRESSIVE;
				GCC_WARN_UNUSED_FUNCTION = YES;
				GCC_WARN_UNUSED_VARIABLE = YES;
				IPHONEOS_DEPLOYMENT_TARGET = 7.1;
				ONLY_ACTIVE_ARCH = YES;
				SDKROOT = iphoneos;
				TARGETED_DEVICE_FAMILY = "1,2";
			};
			name = Debug;
		};
		A09032941BF9D4DC00A79865 /* Release */ = {
			isa = XCBuildConfiguration;
			buildSettings = {
				ALWAYS_SEARCH_USER_PATHS = NO;
				CLANG_CXX_LANGUAGE_STANDARD = "gnu++0x";
				CLANG_CXX_LIBRARY = "libc++";
				CLANG_ENABLE_MODULES = YES;
				CLANG_ENABLE_OBJC_ARC = YES;
				CLANG_WARN_BOOL_CONVERSION = YES;
				CLANG_WARN_CONSTANT_CONVERSION = YES;
				CLANG_WARN_DIRECT_OBJC_ISA_USAGE = YES_ERROR;
				CLANG_WARN_EMPTY_BODY = YES;
				CLANG_WARN_ENUM_CONVERSION = YES;
				CLANG_WARN_INT_CONVERSION = YES;
				CLANG_WARN_OBJC_ROOT_CLASS = YES_ERROR;
				CLANG_WARN__DUPLICATE_METHOD_MATCH = YES;
				"CODE_SIGN_IDENTITY[sdk=iphoneos*]" = "iPhone Developer";
				COPY_PHASE_STRIP = YES;
				ENABLE_NS_ASSERTIONS = NO;
				GCC_C_LANGUAGE_STANDARD = gnu99;
				GCC_WARN_64_TO_32_BIT_CONVERSION = YES;
				GCC_WARN_ABOUT_RETURN_TYPE = YES_ERROR;
				GCC_WARN_UNDECLARED_SELECTOR = YES;
				GCC_WARN_UNINITIALIZED_AUTOS = YES_AGGRESSIVE;
				GCC_WARN_UNUSED_FUNCTION = YES;
				GCC_WARN_UNUSED_VARIABLE = YES;
				IPHONEOS_DEPLOYMENT_TARGET = 7.1;
				SDKROOT = iphoneos;
				TARGETED_DEVICE_FAMILY = "1,2";
				VALIDATE_PRODUCT = YES;
			};
			name = Release;
		};
		A09032961BF9D4DC00A79865 /* Debug */ = {
			isa = XCBuildConfiguration;
			buildSettings = {
				ASSETCATALOG_COMPILER_APPICON_NAME = AppIcon;
				ASSETCATALOG_COMPILER_LAUNCHIMAGE_NAME = LaunchImage;
				GCC_PRECOMPILE_PREFIX_HEADER = YES;
				GCC_PREFIX_HEADER = "SkFrameworkDemo/SkFrameworkDemo-Prefix.pch";
				INFOPLIST_FILE = "SkFrameworkDemo/SkFrameworkDemo-Info.plist";
				PRODUCT_NAME = "$(TARGET_NAME)";
				WRAPPER_EXTENSION = app;
			};
			name = Debug;
		};
		A09032971BF9D4DC00A79865 /* Release */ = {
			isa = XCBuildConfiguration;
			buildSettings = {
				ASSETCATALOG_COMPILER_APPICON_NAME = AppIcon;
				ASSETCATALOG_COMPILER_LAUNCHIMAGE_NAME = LaunchImage;
				GCC_PRECOMPILE_PREFIX_HEADER = YES;
				GCC_PREFIX_HEADER = "SkFrameworkDemo/SkFrameworkDemo-Prefix.pch";
				INFOPLIST_FILE = "SkFrameworkDemo/SkFrameworkDemo-Info.plist";
				PRODUCT_NAME = "$(TARGET_NAME)";
				WRAPPER_EXTENSION = app;
			};
			name = Release;
		};
		A09032991BF9D4DC00A79865 /* Debug */ = {
			isa = XCBuildConfiguration;
			buildSettings = {
				BUNDLE_LOADER = "$(BUILT_PRODUCTS_DIR)/SkFrameworkDemo.app/SkFrameworkDemo";
				FRAMEWORK_SEARCH_PATHS = (
					"$(SDKROOT)/Developer/Library/Frameworks",
					"$(inherited)",
					"$(DEVELOPER_FRAMEWORKS_DIR)",
				);
				GCC_PRECOMPILE_PREFIX_HEADER = YES;
				GCC_PREFIX_HEADER = "SkFrameworkDemo/SkFrameworkDemo-Prefix.pch";
				GCC_PREPROCESSOR_DEFINITIONS = (
					"DEBUG=1",
					"$(inherited)",
				);
				INFOPLIST_FILE = "SkFrameworkDemoTests/SkFrameworkDemoTests-Info.plist";
				PRODUCT_NAME = "$(TARGET_NAME)";
				TEST_HOST = "$(BUNDLE_LOADER)";
				WRAPPER_EXTENSION = xctest;
			};
			name = Debug;
		};
		A090329A1BF9D4DC00A79865 /* Release */ = {
			isa = XCBuildConfiguration;
			buildSettings = {
				BUNDLE_LOADER = "$(BUILT_PRODUCTS_DIR)/SkFrameworkDemo.app/SkFrameworkDemo";
				FRAMEWORK_SEARCH_PATHS = (
					"$(SDKROOT)/Developer/Library/Frameworks",
					"$(inherited)",
					"$(DEVELOPER_FRAMEWORKS_DIR)",
				);
				GCC_PRECOMPILE_PREFIX_HEADER = YES;
				GCC_PREFIX_HEADER = "SkFrameworkDemo/SkFrameworkDemo-Prefix.pch";
				INFOPLIST_FILE = "SkFrameworkDemoTests/SkFrameworkDemoTests-Info.plist";
				PRODUCT_NAME = "$(TARGET_NAME)";
				TEST_HOST = "$(BUNDLE_LOADER)";
				WRAPPER_EXTENSION = xctest;
			};
			name = Release;
		};
/* End XCBuildConfiguration section */

/* Begin XCConfigurationList section */
		A09032641BF9D4DB00A79865 /* Build configuration list for PBXProject "SkFrameworkDemo" */ = {
			isa = XCConfigurationList;
			buildConfigurations = (
				A09032931BF9D4DC00A79865 /* Debug */,
				A09032941BF9D4DC00A79865 /* Release */,
			);
			defaultConfigurationIsVisible = 0;
			defaultConfigurationName = Release;
		};
		A09032951BF9D4DC00A79865 /* Build configuration list for PBXNativeTarget "SkFrameworkDemo" */ = {
			isa = XCConfigurationList;
			buildConfigurations = (
				A09032961BF9D4DC00A79865 /* Debug */,
				A09032971BF9D4DC00A79865 /* Release */,
			);
			defaultConfigurationIsVisible = 0;
			defaultConfigurationName = Release;
		};
		A09032981BF9D4DC00A79865 /* Build configuration list for PBXNativeTarget "SkFrameworkDemoTests" */ = {
			isa = XCConfigurationList;
			buildConfigurations = (
				A09032991BF9D4DC00A79865 /* Debug */,
				A090329A1BF9D4DC00A79865 /* Release */,
			);
			defaultConfigurationIsVisible = 0;
			defaultConfigurationName = Release;
		};
/* End XCConfigurationList section */
	};
	rootObject = A09032611BF9D4DB00A79865 /* Project object */;
}
